// !$*UTF8*$!
{
	archiveVersion = 1;
	classes = {
	};
	objectVersion = 52;
	objects = {

/* Begin PBXBuildFile section */
		28ED1B0A26DE79CC00115757 /* AppDelegate.swift in Sources */ = {isa = PBXBuildFile; fileRef = 28ED1B0926DE79CC00115757 /* AppDelegate.swift */; };
		28ED1B0C26DE79CC00115757 /* SceneDelegate.swift in Sources */ = {isa = PBXBuildFile; fileRef = 28ED1B0B26DE79CC00115757 /* SceneDelegate.swift */; };
		28ED1B0E26DE79CC00115757 /* ViewController.swift in Sources */ = {isa = PBXBuildFile; fileRef = 28ED1B0D26DE79CC00115757 /* ViewController.swift */; };
		28ED1B1126DE79CC00115757 /* Main.storyboard in Resources */ = {isa = PBXBuildFile; fileRef = 28ED1B0F26DE79CC00115757 /* Main.storyboard */; };
		28ED1B1326DE79CE00115757 /* Assets.xcassets in Resources */ = {isa = PBXBuildFile; fileRef = 28ED1B1226DE79CE00115757 /* Assets.xcassets */; };
		28ED1B1626DE79CE00115757 /* LaunchScreen.storyboard in Resources */ = {isa = PBXBuildFile; fileRef = 28ED1B1426DE79CE00115757 /* LaunchScreen.storyboard */; };
		28ED1B1F26DE7A4E00115757 /* ScanbotSDK in Frameworks */ = {isa = PBXBuildFile; productRef = 28ED1B1E26DE7A4E00115757 /* ScanbotSDK */; };
/* End PBXBuildFile section */

/* Begin PBXFileReference section */
		28ED1B0626DE79CC00115757 /* MyAwesomeIOSApp.app */ = {isa = PBXFileReference; explicitFileType = wrapper.application; includeInIndex = 0; path = MyAwesomeIOSApp.app; sourceTree = BUILT_PRODUCTS_DIR; };
		28ED1B0926DE79CC00115757 /* AppDelegate.swift */ = {isa = PBXFileReference; lastKnownFileType = sourcecode.swift; path = AppDelegate.swift; sourceTree = "<group>"; };
		28ED1B0B26DE79CC00115757 /* SceneDelegate.swift */ = {isa = PBXFileReference; lastKnownFileType = sourcecode.swift; path = SceneDelegate.swift; sourceTree = "<group>"; };
		28ED1B0D26DE79CC00115757 /* ViewController.swift */ = {isa = PBXFileReference; lastKnownFileType = sourcecode.swift; path = ViewController.swift; sourceTree = "<group>"; };
		28ED1B1026DE79CC00115757 /* Base */ = {isa = PBXFileReference; lastKnownFileType = file.storyboard; name = Base; path = Base.lproj/Main.storyboard; sourceTree = "<group>"; };
		28ED1B1226DE79CE00115757 /* Assets.xcassets */ = {isa = PBXFileReference; lastKnownFileType = folder.assetcatalog; path = Assets.xcassets; sourceTree = "<group>"; };
		28ED1B1526DE79CE00115757 /* Base */ = {isa = PBXFileReference; lastKnownFileType = file.storyboard; name = Base; path = Base.lproj/LaunchScreen.storyboard; sourceTree = "<group>"; };
		28ED1B1726DE79CE00115757 /* Info.plist */ = {isa = PBXFileReference; lastKnownFileType = text.plist.xml; path = Info.plist; sourceTree = "<group>"; };
/* End PBXFileReference section */

/* Begin PBXFrameworksBuildPhase section */
		28ED1B0326DE79CC00115757 /* Frameworks */ = {
			isa = PBXFrameworksBuildPhase;
			buildActionMask = 2147483647;
			files = (
				28ED1B1F26DE7A4E00115757 /* ScanbotSDK in Frameworks */,
			);
			runOnlyForDeploymentPostprocessing = 0;
		};
/* End PBXFrameworksBuildPhase section */

/* Begin PBXGroup section */
		28ED1AFD26DE79CC00115757 = {
			isa = PBXGroup;
			children = (
				28ED1B0826DE79CC00115757 /* MyAwesomeIOSApp */,
				28ED1B0726DE79CC00115757 /* Products */,
			);
			sourceTree = "<group>";
		};
		28ED1B0726DE79CC00115757 /* Products */ = {
			isa = PBXGroup;
			children = (
				28ED1B0626DE79CC00115757 /* MyAwesomeIOSApp.app */,
			);
			name = Products;
			sourceTree = "<group>";
		};
		28ED1B0826DE79CC00115757 /* MyAwesomeIOSApp */ = {
			isa = PBXGroup;
			children = (
				28ED1B0926DE79CC00115757 /* AppDelegate.swift */,
				28ED1B0B26DE79CC00115757 /* SceneDelegate.swift */,
				28ED1B0D26DE79CC00115757 /* ViewController.swift */,
				28ED1B0F26DE79CC00115757 /* Main.storyboard */,
				28ED1B1226DE79CE00115757 /* Assets.xcassets */,
				28ED1B1426DE79CE00115757 /* LaunchScreen.storyboard */,
				28ED1B1726DE79CE00115757 /* Info.plist */,
			);
			path = MyAwesomeIOSApp;
			sourceTree = "<group>";
		};
/* End PBXGroup section */

/* Begin PBXNativeTarget section */
		28ED1B0526DE79CC00115757 /* MyAwesomeIOSApp */ = {
			isa = PBXNativeTarget;
			buildConfigurationList = 28ED1B1A26DE79CE00115757 /* Build configuration list for PBXNativeTarget "MyAwesomeIOSApp" */;
			buildPhases = (
				28ED1B0226DE79CC00115757 /* Sources */,
				28ED1B0326DE79CC00115757 /* Frameworks */,
				28ED1B0426DE79CC00115757 /* Resources */,
			);
			buildRules = (
			);
			dependencies = (
			);
			name = MyAwesomeIOSApp;
			packageProductDependencies = (
				28ED1B1E26DE7A4E00115757 /* ScanbotSDK */,
			);
			productName = MyAwesomeIOSApp;
			productReference = 28ED1B0626DE79CC00115757 /* MyAwesomeIOSApp.app */;
			productType = "com.apple.product-type.application";
		};
/* End PBXNativeTarget section */

/* Begin PBXProject section */
		28ED1AFE26DE79CC00115757 /* Project object */ = {
			isa = PBXProject;
			attributes = {
				LastSwiftUpdateCheck = 1250;
				LastUpgradeCheck = 1250;
				TargetAttributes = {
					28ED1B0526DE79CC00115757 = {
						CreatedOnToolsVersion = 12.5.1;
					};
				};
			};
			buildConfigurationList = 28ED1B0126DE79CC00115757 /* Build configuration list for PBXProject "MyAwesomeIOSApp" */;
			compatibilityVersion = "Xcode 9.3";
			developmentRegion = en;
			hasScannedForEncodings = 0;
			knownRegions = (
				en,
				Base,
			);
			mainGroup = 28ED1AFD26DE79CC00115757;
			packageReferences = (
				28ED1B1D26DE7A4E00115757 /* XCRemoteSwiftPackageReference "scanbot-sdk-ios-spm" */,
			);
			productRefGroup = 28ED1B0726DE79CC00115757 /* Products */;
			projectDirPath = "";
			projectRoot = "";
			targets = (
				28ED1B0526DE79CC00115757 /* MyAwesomeIOSApp */,
			);
		};
/* End PBXProject section */

/* Begin PBXResourcesBuildPhase section */
		28ED1B0426DE79CC00115757 /* Resources */ = {
			isa = PBXResourcesBuildPhase;
			buildActionMask = 2147483647;
			files = (
				28ED1B1626DE79CE00115757 /* LaunchScreen.storyboard in Resources */,
				28ED1B1326DE79CE00115757 /* Assets.xcassets in Resources */,
				28ED1B1126DE79CC00115757 /* Main.storyboard in Resources */,
			);
			runOnlyForDeploymentPostprocessing = 0;
		};
/* End PBXResourcesBuildPhase section */

/* Begin PBXSourcesBuildPhase section */
		28ED1B0226DE79CC00115757 /* Sources */ = {
			isa = PBXSourcesBuildPhase;
			buildActionMask = 2147483647;
			files = (
				28ED1B0E26DE79CC00115757 /* ViewController.swift in Sources */,
				28ED1B0A26DE79CC00115757 /* AppDelegate.swift in Sources */,
				28ED1B0C26DE79CC00115757 /* SceneDelegate.swift in Sources */,
			);
			runOnlyForDeploymentPostprocessing = 0;
		};
/* End PBXSourcesBuildPhase section */

/* Begin PBXVariantGroup section */
		28ED1B0F26DE79CC00115757 /* Main.storyboard */ = {
			isa = PBXVariantGroup;
			children = (
				28ED1B1026DE79CC00115757 /* Base */,
			);
			name = Main.storyboard;
			sourceTree = "<group>";
		};
		28ED1B1426DE79CE00115757 /* LaunchScreen.storyboard */ = {
			isa = PBXVariantGroup;
			children = (
				28ED1B1526DE79CE00115757 /* Base */,
			);
			name = LaunchScreen.storyboard;
			sourceTree = "<group>";
		};
/* End PBXVariantGroup section */

/* Begin XCBuildConfiguration section */
		28ED1B1826DE79CE00115757 /* Debug */ = {
			isa = XCBuildConfiguration;
			buildSettings = {
				ALWAYS_SEARCH_USER_PATHS = NO;
				CLANG_ANALYZER_NONNULL = YES;
				CLANG_ANALYZER_NUMBER_OBJECT_CONVERSION = YES_AGGRESSIVE;
				CLANG_CXX_LANGUAGE_STANDARD = "gnu++14";
				CLANG_CXX_LIBRARY = "libc++";
				CLANG_ENABLE_MODULES = YES;
				CLANG_ENABLE_OBJC_ARC = YES;
				CLANG_ENABLE_OBJC_WEAK = YES;
				CLANG_WARN_BLOCK_CAPTURE_AUTORELEASING = YES;
				CLANG_WARN_BOOL_CONVERSION = YES;
				CLANG_WARN_COMMA = YES;
				CLANG_WARN_CONSTANT_CONVERSION = YES;
				CLANG_WARN_DEPRECATED_OBJC_IMPLEMENTATIONS = YES;
				CLANG_WARN_DIRECT_OBJC_ISA_USAGE = YES_ERROR;
				CLANG_WARN_DOCUMENTATION_COMMENTS = YES;
				CLANG_WARN_EMPTY_BODY = YES;
				CLANG_WARN_ENUM_CONVERSION = YES;
				CLANG_WARN_INFINITE_RECURSION = YES;
				CLANG_WARN_INT_CONVERSION = YES;
				CLANG_WARN_NON_LITERAL_NULL_CONVERSION = YES;
				CLANG_WARN_OBJC_IMPLICIT_RETAIN_SELF = YES;
				CLANG_WARN_OBJC_LITERAL_CONVERSION = YES;
				CLANG_WARN_OBJC_ROOT_CLASS = YES_ERROR;
				CLANG_WARN_QUOTED_INCLUDE_IN_FRAMEWORK_HEADER = YES;
				CLANG_WARN_RANGE_LOOP_ANALYSIS = YES;
				CLANG_WARN_STRICT_PROTOTYPES = YES;
				CLANG_WARN_SUSPICIOUS_MOVE = YES;
				CLANG_WARN_UNGUARDED_AVAILABILITY = YES_AGGRESSIVE;
				CLANG_WARN_UNREACHABLE_CODE = YES;
				CLANG_WARN__DUPLICATE_METHOD_MATCH = YES;
				COPY_PHASE_STRIP = NO;
				DEBUG_INFORMATION_FORMAT = dwarf;
				ENABLE_STRICT_OBJC_MSGSEND = YES;
				ENABLE_TESTABILITY = YES;
				GCC_C_LANGUAGE_STANDARD = gnu11;
				GCC_DYNAMIC_NO_PIC = NO;
				GCC_NO_COMMON_BLOCKS = YES;
				GCC_OPTIMIZATION_LEVEL = 0;
				GCC_PREPROCESSOR_DEFINITIONS = (
					"DEBUG=1",
					"$(inherited)",
				);
				GCC_WARN_64_TO_32_BIT_CONVERSION = YES;
				GCC_WARN_ABOUT_RETURN_TYPE = YES_ERROR;
				GCC_WARN_UNDECLARED_SELECTOR = YES;
				GCC_WARN_UNINITIALIZED_AUTOS = YES_AGGRESSIVE;
				GCC_WARN_UNUSED_FUNCTION = YES;
				GCC_WARN_UNUSED_VARIABLE = YES;
				IPHONEOS_DEPLOYMENT_TARGET = 14.5;
				MTL_ENABLE_DEBUG_INFO = INCLUDE_SOURCE;
				MTL_FAST_MATH = YES;
				ONLY_ACTIVE_ARCH = YES;
				SDKROOT = iphoneos;
				SWIFT_ACTIVE_COMPILATION_CONDITIONS = DEBUG;
				SWIFT_OPTIMIZATION_LEVEL = "-Onone";
			};
			name = Debug;
		};
		28ED1B1926DE79CE00115757 /* Release */ = {
			isa = XCBuildConfiguration;
			buildSettings = {
				ALWAYS_SEARCH_USER_PATHS = NO;
				CLANG_ANALYZER_NONNULL = YES;
				CLANG_ANALYZER_NUMBER_OBJECT_CONVERSION = YES_AGGRESSIVE;
				CLANG_CXX_LANGUAGE_STANDARD = "gnu++14";
				CLANG_CXX_LIBRARY = "libc++";
				CLANG_ENABLE_MODULES = YES;
				CLANG_ENABLE_OBJC_ARC = YES;
				CLANG_ENABLE_OBJC_WEAK = YES;
				CLANG_WARN_BLOCK_CAPTURE_AUTORELEASING = YES;
				CLANG_WARN_BOOL_CONVERSION = YES;
				CLANG_WARN_COMMA = YES;
				CLANG_WARN_CONSTANT_CONVERSION = YES;
				CLANG_WARN_DEPRECATED_OBJC_IMPLEMENTATIONS = YES;
				CLANG_WARN_DIRECT_OBJC_ISA_USAGE = YES_ERROR;
				CLANG_WARN_DOCUMENTATION_COMMENTS = YES;
				CLANG_WARN_EMPTY_BODY = YES;
				CLANG_WARN_ENUM_CONVERSION = YES;
				CLANG_WARN_INFINITE_RECURSION = YES;
				CLANG_WARN_INT_CONVERSION = YES;
				CLANG_WARN_NON_LITERAL_NULL_CONVERSION = YES;
				CLANG_WARN_OBJC_IMPLICIT_RETAIN_SELF = YES;
				CLANG_WARN_OBJC_LITERAL_CONVERSION = YES;
				CLANG_WARN_OBJC_ROOT_CLASS = YES_ERROR;
				CLANG_WARN_QUOTED_INCLUDE_IN_FRAMEWORK_HEADER = YES;
				CLANG_WARN_RANGE_LOOP_ANALYSIS = YES;
				CLANG_WARN_STRICT_PROTOTYPES = YES;
				CLANG_WARN_SUSPICIOUS_MOVE = YES;
				CLANG_WARN_UNGUARDED_AVAILABILITY = YES_AGGRESSIVE;
				CLANG_WARN_UNREACHABLE_CODE = YES;
				CLANG_WARN__DUPLICATE_METHOD_MATCH = YES;
				COPY_PHASE_STRIP = NO;
				DEBUG_INFORMATION_FORMAT = "dwarf-with-dsym";
				ENABLE_NS_ASSERTIONS = NO;
				ENABLE_STRICT_OBJC_MSGSEND = YES;
				GCC_C_LANGUAGE_STANDARD = gnu11;
				GCC_NO_COMMON_BLOCKS = YES;
				GCC_WARN_64_TO_32_BIT_CONVERSION = YES;
				GCC_WARN_ABOUT_RETURN_TYPE = YES_ERROR;
				GCC_WARN_UNDECLARED_SELECTOR = YES;
				GCC_WARN_UNINITIALIZED_AUTOS = YES_AGGRESSIVE;
				GCC_WARN_UNUSED_FUNCTION = YES;
				GCC_WARN_UNUSED_VARIABLE = YES;
				IPHONEOS_DEPLOYMENT_TARGET = 14.5;
				MTL_ENABLE_DEBUG_INFO = NO;
				MTL_FAST_MATH = YES;
				SDKROOT = iphoneos;
				SWIFT_COMPILATION_MODE = wholemodule;
				SWIFT_OPTIMIZATION_LEVEL = "-O";
				VALIDATE_PRODUCT = YES;
			};
			name = Release;
		};
		28ED1B1B26DE79CE00115757 /* Debug */ = {
			isa = XCBuildConfiguration;
			buildSettings = {
				ASSETCATALOG_COMPILER_APPICON_NAME = AppIcon;
				ASSETCATALOG_COMPILER_GLOBAL_ACCENT_COLOR_NAME = AccentColor;
				CODE_SIGN_STYLE = Automatic;
				DEVELOPMENT_TEAM = FRUPYT6KB3;
				INFOPLIST_FILE = MyAwesomeIOSApp/Info.plist;
				LD_RUNPATH_SEARCH_PATHS = (
					"$(inherited)",
					"@executable_path/Frameworks",
				);
				PRODUCT_BUNDLE_IDENTIFIER = io.scanbot.MyAwesomeIOSApp;
				PRODUCT_NAME = "$(TARGET_NAME)";
				SWIFT_VERSION = 5.0;
				TARGETED_DEVICE_FAMILY = "1,2";
			};
			name = Debug;
		};
		28ED1B1C26DE79CE00115757 /* Release */ = {
			isa = XCBuildConfiguration;
			buildSettings = {
				ASSETCATALOG_COMPILER_APPICON_NAME = AppIcon;
				ASSETCATALOG_COMPILER_GLOBAL_ACCENT_COLOR_NAME = AccentColor;
				CODE_SIGN_STYLE = Automatic;
				DEVELOPMENT_TEAM = FRUPYT6KB3;
				INFOPLIST_FILE = MyAwesomeIOSApp/Info.plist;
				LD_RUNPATH_SEARCH_PATHS = (
					"$(inherited)",
					"@executable_path/Frameworks",
				);
				PRODUCT_BUNDLE_IDENTIFIER = io.scanbot.MyAwesomeIOSApp;
				PRODUCT_NAME = "$(TARGET_NAME)";
				SWIFT_VERSION = 5.0;
				TARGETED_DEVICE_FAMILY = "1,2";
			};
			name = Release;
		};
/* End XCBuildConfiguration section */

/* Begin XCConfigurationList section */
		28ED1B0126DE79CC00115757 /* Build configuration list for PBXProject "MyAwesomeIOSApp" */ = {
			isa = XCConfigurationList;
			buildConfigurations = (
				28ED1B1826DE79CE00115757 /* Debug */,
				28ED1B1926DE79CE00115757 /* Release */,
			);
			defaultConfigurationIsVisible = 0;
			defaultConfigurationName = Release;
		};
		28ED1B1A26DE79CE00115757 /* Build configuration list for PBXNativeTarget "MyAwesomeIOSApp" */ = {
			isa = XCConfigurationList;
			buildConfigurations = (
				28ED1B1B26DE79CE00115757 /* Debug */,
				28ED1B1C26DE79CE00115757 /* Release */,
			);
			defaultConfigurationIsVisible = 0;
			defaultConfigurationName = Release;
		};
/* End XCConfigurationList section */

/* Begin XCRemoteSwiftPackageReference section */
		28ED1B1D26DE7A4E00115757 /* XCRemoteSwiftPackageReference "scanbot-sdk-ios-spm" */ = {
			isa = XCRemoteSwiftPackageReference;
			repositoryURL = "git@github.com:doo/scanbot-sdk-ios-spm.git";
			requirement = {
				kind = upToNextMajorVersion;
				minimumVersion = 1.20.0;
			};
		};
/* End XCRemoteSwiftPackageReference section */

/* Begin XCSwiftPackageProductDependency section */
		28ED1B1E26DE7A4E00115757 /* ScanbotSDK */ = {
			isa = XCSwiftPackageProductDependency;
			package = 28ED1B1D26DE7A4E00115757 /* XCRemoteSwiftPackageReference "scanbot-sdk-ios-spm" */;
			productName = ScanbotSDK;
		};
/* End XCSwiftPackageProductDependency section */
	};
	rootObject = 28ED1AFE26DE79CC00115757 /* Project object */;
}
